
Microsoft Visual Studio Solution File, Format Version 12.00
# Visual Studio Version 17
VisualStudioVersion = 17.2.32630.192
MinimumVisualStudioVersion = 10.0.40219.1
Project("{FAE04EC0-301F-11D3-BF4B-00C04F79EFBC}") = "Console_APP_Day2", "Console_APP_Day2\Console_APP_Day2.csproj", "{BDBCE06F-BB9B-423F-AC32-AAE693C07BBB}"
EndProject
Global
	GlobalSection(SolutionConfigurationPlatforms) = preSolution
		Debug|Any CPU = Debug|Any CPU
		Release|Any CPU = Release|Any CPU
	EndGlobalSection
	GlobalSection(ProjectConfigurationPlatforms) = postSolution
		{BDBCE06F-BB9B-423F-AC32-AAE693C07BBB}.Debug|Any CPU.ActiveCfg = Debug|Any CPU
		{BDBCE06F-BB9B-423F-AC32-AAE693C07BBB}.Debug|Any CPU.Build.0 = Debug|Any CPU
		{BDBCE06F-BB9B-423F-AC32-AAE693C07BBB}.Release|Any CPU.ActiveCfg = Release|Any CPU
		{BDBCE06F-BB9B-423F-AC32-AAE693C07BBB}.Release|Any CPU.Build.0 = Release|Any CPU
	EndGlobalSection
	GlobalSection(SolutionProperties) = preSolution
		HideSolutionNode = FALSE
	EndGlobalSection
	GlobalSection(ExtensibilityGlobals) = postSolution
		SolutionGuid = {51EC8F1D-74CB-4974-8E73-81D983D2A435}
	EndGlobalSection
EndGlobal
